
Microsoft Visual Studio Solution File, Format Version 12.00
# Visual Studio Version 16
VisualStudioVersion = 16.0.31624.102
MinimumVisualStudioVersion = 10.0.40219.1
Project("{9A19103F-16F7-4668-BE54-9A1E7A4F7556}") = "MainApp", "MainApp\MainApp.csproj", "{22BEC4CF-0F5B-42F9-A54C-9126D98874CE}"
EndProject
Global
	GlobalSection(SolutionConfigurationPlatforms) = preSolution
		Debug|Any CPU = Debug|Any CPU
		Release|Any CPU = Release|Any CPU
	EndGlobalSection
	GlobalSection(ProjectConfigurationPlatforms) = postSolution
		{22BEC4CF-0F5B-42F9-A54C-9126D98874CE}.Debug|Any CPU.ActiveCfg = Debug|Any CPU
		{22BEC4CF-0F5B-42F9-A54C-9126D98874CE}.Debug|Any CPU.Build.0 = Debug|Any CPU
		{22BEC4CF-0F5B-42F9-A54C-9126D98874CE}.Release|Any CPU.ActiveCfg = Release|Any CPU
		{22BEC4CF-0F5B-42F9-A54C-9126D98874CE}.Release|Any CPU.Build.0 = Release|Any CPU
	EndGlobalSection
	GlobalSection(SolutionProperties) = preSolution
		HideSolutionNode = FALSE
	EndGlobalSection
	GlobalSection(ExtensibilityGlobals) = postSolution
		SolutionGuid = {80C8AF13-1170-463B-AE2A-A16432204182}
	EndGlobalSection
EndGlobal
